
Microsoft Visual Studio Solution File, Format Version 12.00
# Visual Studio 2012
Project("{FAE04EC0-301F-11D3-BF4B-00C04F79EFBC}") = "SportNutritionWFA_GA_New", "SportNutritionWFA_GA\SportNutritionWFA_GA_New.csproj", "{5ED01410-5463-40B7-807E-FCA8E67FD78C}"
EndProject
Global
	GlobalSection(SolutionConfigurationPlatforms) = preSolution
		Debug|Any CPU = Debug|Any CPU
		Release|Any CPU = Release|Any CPU
	EndGlobalSection
	GlobalSection(ProjectConfigurationPlatforms) = postSolution
		{5ED01410-5463-40B7-807E-FCA8E67FD78C}.Debug|Any CPU.ActiveCfg = Debug|Any CPU
		{5ED01410-5463-40B7-807E-FCA8E67FD78C}.Debug|Any CPU.Build.0 = Debug|Any CPU
		{5ED01410-5463-40B7-807E-FCA8E67FD78C}.Release|Any CPU.ActiveCfg = Release|Any CPU
		{5ED01410-5463-40B7-807E-FCA8E67FD78C}.Release|Any CPU.Build.0 = Release|Any CPU
	EndGlobalSection
	GlobalSection(SolutionProperties) = preSolution
		HideSolutionNode = FALSE
	EndGlobalSection
EndGlobal
